
Microsoft Visual Studio Solution File, Format Version 12.00
# Visual Studio Version 17
VisualStudioVersion = 17.0.32112.339
MinimumVisualStudioVersion = 10.0.40219.1
Project("{FAE04EC0-301F-11D3-BF4B-00C04F79EFBC}") = "Faded", "Faded\Faded.csproj", "{256A4D5D-C0AB-4138-A480-4A28EBFF78FD}"
EndProject
Global
	GlobalSection(SolutionConfigurationPlatforms) = preSolution
		Debug|Any CPU = Debug|Any CPU
		Release|Any CPU = Release|Any CPU
	EndGlobalSection
	GlobalSection(ProjectConfigurationPlatforms) = postSolution
		{256A4D5D-C0AB-4138-A480-4A28EBFF78FD}.Debug|Any CPU.ActiveCfg = Debug|Any CPU
		{256A4D5D-C0AB-4138-A480-4A28EBFF78FD}.Debug|Any CPU.Build.0 = Debug|Any CPU
		{256A4D5D-C0AB-4138-A480-4A28EBFF78FD}.Release|Any CPU.ActiveCfg = Release|Any CPU
		{256A4D5D-C0AB-4138-A480-4A28EBFF78FD}.Release|Any CPU.Build.0 = Release|Any CPU
	EndGlobalSection
	GlobalSection(SolutionProperties) = preSolution
		HideSolutionNode = FALSE
	EndGlobalSection
	GlobalSection(ExtensibilityGlobals) = postSolution
		SolutionGuid = {FC5CB720-F565-40FF-93A9-6B2A2D164797}
	EndGlobalSection
EndGlobal
